
Microsoft Visual Studio Solution File, Format Version 12.00
# Visual Studio Version 17
VisualStudioVersion = 17.10.34928.147
MinimumVisualStudioVersion = 10.0.40219.1
Project("{FAE04EC0-301F-11D3-BF4B-00C04F79EFBC}") = "Ornek1", "Ornek1\Ornek1.csproj", "{CF0D7106-0AD6-4AC3-B4CB-6714B7C7F428}"
EndProject
Project("{FAE04EC0-301F-11D3-BF4B-00C04F79EFBC}") = "Ornek2", "Ornek2\Ornek2.csproj", "{880A3A7E-7BEF-48F5-A218-033DEE3F1DBA}"
EndProject
Project("{FAE04EC0-301F-11D3-BF4B-00C04F79EFBC}") = "Ornek3", "Ornek3\Ornek3.csproj", "{0C526013-8565-44EE-AED9-80EC4BCF7D36}"
EndProject
Project("{FAE04EC0-301F-11D3-BF4B-00C04F79EFBC}") = "Ornek4", "Ornek4\Ornek4.csproj", "{B5E62D76-91AA-4C71-A2D5-22AAB62DB2C7}"
EndProject
Project("{FAE04EC0-301F-11D3-BF4B-00C04F79EFBC}") = "Ornek5", "Ornek5\Ornek5.csproj", "{E9091406-1D38-4223-9A66-44758B942952}"
EndProject
Project("{FAE04EC0-301F-11D3-BF4B-00C04F79EFBC}") = "Ornek6", "Ornek6\Ornek6.csproj", "{7D7B2030-5342-4380-9218-C6E5D9343D5A}"
EndProject
Project("{9A19103F-16F7-4668-BE54-9A1E7A4F7556}") = "Kutuphane", "Kutuphane\Kutuphane.csproj", "{CD18760B-877D-47FF-9F34-850CEB6D76D3}"
EndProject
Project("{9A19103F-16F7-4668-BE54-9A1E7A4F7556}") = "Ornek7", "Ornek7\Ornek7.csproj", "{DD4ACD1E-16B0-4E3A-A96C-10A669FA4953}"
EndProject
Project("{9A19103F-16F7-4668-BE54-9A1E7A4F7556}") = "Ornek8", "Ornek8\Ornek8.csproj", "{308E84CA-FF2B-4890-B95C-2B14A12140CA}"
EndProject
Project("{9A19103F-16F7-4668-BE54-9A1E7A4F7556}") = "Ornek9", "Ornek9\Ornek9.csproj", "{B568802B-7524-4E58-8393-5881E0C6AC18}"
EndProject
Project("{9A19103F-16F7-4668-BE54-9A1E7A4F7556}") = "Ornek10", "Ornek10\Ornek10.csproj", "{5444180A-E773-4C54-9C59-5DA454AB4AFA}"
EndProject
Project("{9A19103F-16F7-4668-BE54-9A1E7A4F7556}") = "Ornek11", "Ornek11\Ornek11.csproj", "{3D97DAAC-38C2-4F27-BAF0-045C1D8C1B92}"
EndProject
Project("{9A19103F-16F7-4668-BE54-9A1E7A4F7556}") = "Ornek12", "Ornek12\Ornek12.csproj", "{3D97DAAC-38C2-4F27-BAF0-045C1D8C1B97}"
EndProject
Project("{9A19103F-16F7-4668-BE54-9A1E7A4F7556}") = "DataModel", "DataModel\DataModel.csproj", "{D264E3D1-DF51-4E2C-844A-BFCE03872845}"
EndProject
Project("{9A19103F-16F7-4668-BE54-9A1E7A4F7556}") = "Ornek13", "Ornek13\Ornek13.csproj", "{CBB42BCE-0785-414A-B668-05865CFD94C2}"
EndProject
Project("{FAE04EC0-301F-11D3-BF4B-00C04F79EFBC}") = "Soyutlama", "Soyutlama\Soyutlama.csproj", "{D8BB8984-5007-446B-A05C-235F4566616E}"
EndProject
Project("{FAE04EC0-301F-11D3-BF4B-00C04F79EFBC}") = "Ornek14", "Ornek14\Ornek14.csproj", "{EFC4F535-F936-4A03-AA63-2C6625CD3946}"
EndProject
Project("{FAE04EC0-301F-11D3-BF4B-00C04F79EFBC}") = "Islem", "Islem\Islem.csproj", "{784038C8-1657-4A37-9517-F797F8D7BA97}"
EndProject
Project("{FAE04EC0-301F-11D3-BF4B-00C04F79EFBC}") = "Fabrika", "Fabrika\Fabrika.csproj", "{B0A077A1-3A14-4731-8533-D60695A6710C}"
EndProject
Global
	GlobalSection(SolutionConfigurationPlatforms) = preSolution
		Debug|Any CPU = Debug|Any CPU
		Release|Any CPU = Release|Any CPU
	EndGlobalSection
	GlobalSection(ProjectConfigurationPlatforms) = postSolution
		{CF0D7106-0AD6-4AC3-B4CB-6714B7C7F428}.Debug|Any CPU.ActiveCfg = Debug|Any CPU
		{CF0D7106-0AD6-4AC3-B4CB-6714B7C7F428}.Debug|Any CPU.Build.0 = Debug|Any CPU
		{CF0D7106-0AD6-4AC3-B4CB-6714B7C7F428}.Release|Any CPU.ActiveCfg = Release|Any CPU
		{CF0D7106-0AD6-4AC3-B4CB-6714B7C7F428}.Release|Any CPU.Build.0 = Release|Any CPU
		{880A3A7E-7BEF-48F5-A218-033DEE3F1DBA}.Debug|Any CPU.ActiveCfg = Debug|Any CPU
		{880A3A7E-7BEF-48F5-A218-033DEE3F1DBA}.Debug|Any CPU.Build.0 = Debug|Any CPU
		{880A3A7E-7BEF-48F5-A218-033DEE3F1DBA}.Release|Any CPU.ActiveCfg = Release|Any CPU
		{880A3A7E-7BEF-48F5-A218-033DEE3F1DBA}.Release|Any CPU.Build.0 = Release|Any CPU
		{0C526013-8565-44EE-AED9-80EC4BCF7D36}.Debug|Any CPU.ActiveCfg = Debug|Any CPU
		{0C526013-8565-44EE-AED9-80EC4BCF7D36}.Debug|Any CPU.Build.0 = Debug|Any CPU
		{0C526013-8565-44EE-AED9-80EC4BCF7D36}.Release|Any CPU.ActiveCfg = Release|Any CPU
		{0C526013-8565-44EE-AED9-80EC4BCF7D36}.Release|Any CPU.Build.0 = Release|Any CPU
		{B5E62D76-91AA-4C71-A2D5-22AAB62DB2C7}.Debug|Any CPU.ActiveCfg = Debug|Any CPU
		{B5E62D76-91AA-4C71-A2D5-22AAB62DB2C7}.Debug|Any CPU.Build.0 = Debug|Any CPU
		{B5E62D76-91AA-4C71-A2D5-22AAB62DB2C7}.Release|Any CPU.ActiveCfg = Release|Any CPU
		{B5E62D76-91AA-4C71-A2D5-22AAB62DB2C7}.Release|Any CPU.Build.0 = Release|Any CPU
		{E9091406-1D38-4223-9A66-44758B942952}.Debug|Any CPU.ActiveCfg = Debug|Any CPU
		{E9091406-1D38-4223-9A66-44758B942952}.Debug|Any CPU.Build.0 = Debug|Any CPU
		{E9091406-1D38-4223-9A66-44758B942952}.Release|Any CPU.ActiveCfg = Release|Any CPU
		{E9091406-1D38-4223-9A66-44758B942952}.Release|Any CPU.Build.0 = Release|Any CPU
		{7D7B2030-5342-4380-9218-C6E5D9343D5A}.Debug|Any CPU.ActiveCfg = Debug|Any CPU
		{7D7B2030-5342-4380-9218-C6E5D9343D5A}.Debug|Any CPU.Build.0 = Debug|Any CPU
		{7D7B2030-5342-4380-9218-C6E5D9343D5A}.Release|Any CPU.ActiveCfg = Release|Any CPU
		{7D7B2030-5342-4380-9218-C6E5D9343D5A}.Release|Any CPU.Build.0 = Release|Any CPU
		{CD18760B-877D-47FF-9F34-850CEB6D76D3}.Debug|Any CPU.ActiveCfg = Debug|Any CPU
		{CD18760B-877D-47FF-9F34-850CEB6D76D3}.Debug|Any CPU.Build.0 = Debug|Any CPU
		{CD18760B-877D-47FF-9F34-850CEB6D76D3}.Release|Any CPU.ActiveCfg = Release|Any CPU
		{CD18760B-877D-47FF-9F34-850CEB6D76D3}.Release|Any CPU.Build.0 = Release|Any CPU
		{DD4ACD1E-16B0-4E3A-A96C-10A669FA4953}.Debug|Any CPU.ActiveCfg = Debug|Any CPU
		{DD4ACD1E-16B0-4E3A-A96C-10A669FA4953}.Debug|Any CPU.Build.0 = Debug|Any CPU
		{DD4ACD1E-16B0-4E3A-A96C-10A669FA4953}.Release|Any CPU.ActiveCfg = Release|Any CPU
		{DD4ACD1E-16B0-4E3A-A96C-10A669FA4953}.Release|Any CPU.Build.0 = Release|Any CPU
		{308E84CA-FF2B-4890-B95C-2B14A12140CA}.Debug|Any CPU.ActiveCfg = Debug|Any CPU
		{308E84CA-FF2B-4890-B95C-2B14A12140CA}.Debug|Any CPU.Build.0 = Debug|Any CPU
		{308E84CA-FF2B-4890-B95C-2B14A12140CA}.Release|Any CPU.ActiveCfg = Release|Any CPU
		{308E84CA-FF2B-4890-B95C-2B14A12140CA}.Release|Any CPU.Build.0 = Release|Any CPU
		{B568802B-7524-4E58-8393-5881E0C6AC18}.Debug|Any CPU.ActiveCfg = Debug|Any CPU
		{B568802B-7524-4E58-8393-5881E0C6AC18}.Debug|Any CPU.Build.0 = Debug|Any CPU
		{B568802B-7524-4E58-8393-5881E0C6AC18}.Release|Any CPU.ActiveCfg = Release|Any CPU
		{B568802B-7524-4E58-8393-5881E0C6AC18}.Release|Any CPU.Build.0 = Release|Any CPU
		{5444180A-E773-4C54-9C59-5DA454AB4AFA}.Debug|Any CPU.ActiveCfg = Debug|Any CPU
		{5444180A-E773-4C54-9C59-5DA454AB4AFA}.Debug|Any CPU.Build.0 = Debug|Any CPU
		{5444180A-E773-4C54-9C59-5DA454AB4AFA}.Release|Any CPU.ActiveCfg = Release|Any CPU
		{5444180A-E773-4C54-9C59-5DA454AB4AFA}.Release|Any CPU.Build.0 = Release|Any CPU
		{3D97DAAC-38C2-4F27-BAF0-045C1D8C1B92}.Debug|Any CPU.ActiveCfg = Debug|Any CPU
		{3D97DAAC-38C2-4F27-BAF0-045C1D8C1B92}.Debug|Any CPU.Build.0 = Debug|Any CPU
		{3D97DAAC-38C2-4F27-BAF0-045C1D8C1B92}.Release|Any CPU.ActiveCfg = Release|Any CPU
		{3D97DAAC-38C2-4F27-BAF0-045C1D8C1B92}.Release|Any CPU.Build.0 = Release|Any CPU
		{3D97DAAC-38C2-4F27-BAF0-045C1D8C1B97}.Debug|Any CPU.ActiveCfg = Debug|Any CPU
		{3D97DAAC-38C2-4F27-BAF0-045C1D8C1B97}.Debug|Any CPU.Build.0 = Debug|Any CPU
		{3D97DAAC-38C2-4F27-BAF0-045C1D8C1B97}.Release|Any CPU.ActiveCfg = Release|Any CPU
		{3D97DAAC-38C2-4F27-BAF0-045C1D8C1B97}.Release|Any CPU.Build.0 = Release|Any CPU
		{D264E3D1-DF51-4E2C-844A-BFCE03872845}.Debug|Any CPU.ActiveCfg = Debug|Any CPU
		{D264E3D1-DF51-4E2C-844A-BFCE03872845}.Debug|Any CPU.Build.0 = Debug|Any CPU
		{D264E3D1-DF51-4E2C-844A-BFCE03872845}.Release|Any CPU.ActiveCfg = Release|Any CPU
		{D264E3D1-DF51-4E2C-844A-BFCE03872845}.Release|Any CPU.Build.0 = Release|Any CPU
		{CBB42BCE-0785-414A-B668-05865CFD94C2}.Debug|Any CPU.ActiveCfg = Debug|Any CPU
		{CBB42BCE-0785-414A-B668-05865CFD94C2}.Debug|Any CPU.Build.0 = Debug|Any CPU
		{CBB42BCE-0785-414A-B668-05865CFD94C2}.Release|Any CPU.ActiveCfg = Release|Any CPU
		{CBB42BCE-0785-414A-B668-05865CFD94C2}.Release|Any CPU.Build.0 = Release|Any CPU
		{D8BB8984-5007-446B-A05C-235F4566616E}.Debug|Any CPU.ActiveCfg = Debug|Any CPU
		{D8BB8984-5007-446B-A05C-235F4566616E}.Debug|Any CPU.Build.0 = Debug|Any CPU
		{D8BB8984-5007-446B-A05C-235F4566616E}.Release|Any CPU.ActiveCfg = Release|Any CPU
		{D8BB8984-5007-446B-A05C-235F4566616E}.Release|Any CPU.Build.0 = Release|Any CPU
		{EFC4F535-F936-4A03-AA63-2C6625CD3946}.Debug|Any CPU.ActiveCfg = Debug|Any CPU
		{EFC4F535-F936-4A03-AA63-2C6625CD3946}.Debug|Any CPU.Build.0 = Debug|Any CPU
		{EFC4F535-F936-4A03-AA63-2C6625CD3946}.Release|Any CPU.ActiveCfg = Release|Any CPU
		{EFC4F535-F936-4A03-AA63-2C6625CD3946}.Release|Any CPU.Build.0 = Release|Any CPU
		{784038C8-1657-4A37-9517-F797F8D7BA97}.Debug|Any CPU.ActiveCfg = Debug|Any CPU
		{784038C8-1657-4A37-9517-F797F8D7BA97}.Debug|Any CPU.Build.0 = Debug|Any CPU
		{784038C8-1657-4A37-9517-F797F8D7BA97}.Release|Any CPU.ActiveCfg = Release|Any CPU
		{784038C8-1657-4A37-9517-F797F8D7BA97}.Release|Any CPU.Build.0 = Release|Any CPU
		{B0A077A1-3A14-4731-8533-D60695A6710C}.Debug|Any CPU.ActiveCfg = Debug|Any CPU
		{B0A077A1-3A14-4731-8533-D60695A6710C}.Debug|Any CPU.Build.0 = Debug|Any CPU
		{B0A077A1-3A14-4731-8533-D60695A6710C}.Release|Any CPU.ActiveCfg = Release|Any CPU
		{B0A077A1-3A14-4731-8533-D60695A6710C}.Release|Any CPU.Build.0 = Release|Any CPU
	EndGlobalSection
	GlobalSection(SolutionProperties) = preSolution
		HideSolutionNode = FALSE
	EndGlobalSection
	GlobalSection(ExtensibilityGlobals) = postSolution
		SolutionGuid = {5328AC75-9D33-4A36-9A56-337B76490112}
	EndGlobalSection
EndGlobal
